<Solution>
  <Folder Name="/API/">
    <Project Path="Mini-Gestor de Residentes/Mini-Gestor de Residentes.csproj" />
  </Folder>
  <Folder Name="/Application/">
    <Project Path="Residentes.Application/Residentes.Application.csproj" />
  </Folder>
  <Folder Name="/Domain/">
    <Project Path="Residentes.Domain/Residentes.Domain.csproj" />
  </Folder>
  <Folder Name="/Infraestruture/">
    <Project Path="Residentes.Infraestructure/Residentes.Infraestructure.csproj" />
  </Folder>
</Solution>
